Microsoft Visual Studio Solution File, Format Version 12.00
# Visual Studio Version 17
VisualStudioVersion = 17.5.2.0
MinimumVisualStudioVersion = 10.0.40219.1
Project("{2150E333-8FDC-42A3-9474-1A3956D46DE8}") = "GraphQLApi", "GraphQLApi", "{9B04D85E-0F23-6656-D8D1-74E41D5E391D}"
EndProject
Project("{FAE04EC0-301F-11D3-BF4B-00C04F79EFBC}") = "GraphQLApi", "GraphQLApi\GraphQLApi\GraphQLApi.csproj", "{3CBF0F8B-9623-0513-E6CB-E3F1C6671CC7}"
EndProject
Global
	GlobalSection(SolutionConfigurationPlatforms) = preSolution
		Debug|Any CPU = Debug|Any CPU
		Release|Any CPU = Release|Any CPU
	EndGlobalSection
	GlobalSection(ProjectConfigurationPlatforms) = postSolution
		{3CBF0F8B-9623-0513-E6CB-E3F1C6671CC7}.Debug|Any CPU.ActiveCfg = Debug|Any CPU
		{3CBF0F8B-9623-0513-E6CB-E3F1C6671CC7}.Debug|Any CPU.Build.0 = Debug|Any CPU
		{3CBF0F8B-9623-0513-E6CB-E3F1C6671CC7}.Release|Any CPU.ActiveCfg = Release|Any CPU
		{3CBF0F8B-9623-0513-E6CB-E3F1C6671CC7}.Release|Any CPU.Build.0 = Release|Any CPU
	EndGlobalSection
	GlobalSection(SolutionProperties) = preSolution
		HideSolutionNode = FALSE
	EndGlobalSection
	GlobalSection(NestedProjects) = preSolution
		{3CBF0F8B-9623-0513-E6CB-E3F1C6671CC7} = {9B04D85E-0F23-6656-D8D1-74E41D5E391D}
	EndGlobalSection
	GlobalSection(ExtensibilityGlobals) = postSolution
		SolutionGuid = {3DB62470-D1F2-492A-A531-02ACB2FD6D99}
	EndGlobalSection
EndGlobal
